// !$*UTF8*$!
{
	archiveVersion = 1;
	classes = {
	};
	objectVersion = 50;
	objects = {

/* Begin PBXBuildFile section */
		63C40D1421E5FC9E00AA6F79 /* AppDelegate.swift in Sources */ = {isa = PBXBuildFile; fileRef = 63C40D1321E5FC9E00AA6F79 /* AppDelegate.swift */; };
		63C40D1621E5FC9E00AA6F79 /* ViewController.swift in Sources */ = {isa = PBXBuildFile; fileRef = 63C40D1521E5FC9E00AA6F79 /* ViewController.swift */; };
		63C40D1921E5FC9E00AA6F79 /* Main.storyboard in Resources */ = {isa = PBXBuildFile; fileRef = 63C40D1721E5FC9E00AA6F79 /* Main.storyboard */; };
		63C40D1B21E5FCAF00AA6F79 /* Assets.xcassets in Resources */ = {isa = PBXBuildFile; fileRef = 63C40D1A21E5FCAF00AA6F79 /* Assets.xcassets */; };
		63C40D1E21E5FCB000AA6F79 /* LaunchScreen.storyboard in Resources */ = {isa = PBXBuildFile; fileRef = 63C40D1C21E5FCB000AA6F79 /* LaunchScreen.storyboard */; };
		63C40D2621E5FCE800AA6F79 /* HTLogTool.swift in Sources */ = {isa = PBXBuildFile; fileRef = 63C40D2521E5FCE800AA6F79 /* HTLogTool.swift */; };
		63C40D2821E5FD2600AA6F79 /* RunLogVC.swift in Sources */ = {isa = PBXBuildFile; fileRef = 63C40D2721E5FD2600AA6F79 /* RunLogVC.swift */; };
/* End PBXBuildFile section */

/* Begin PBXFileReference section */
		63C40D1021E5FC9E00AA6F79 /* LogDemo.app */ = {isa = PBXFileReference; explicitFileType = wrapper.application; includeInIndex = 0; path = LogDemo.app; sourceTree = BUILT_PRODUCTS_DIR; };
		63C40D1321E5FC9E00AA6F79 /* AppDelegate.swift */ = {isa = PBXFileReference; lastKnownFileType = sourcecode.swift; path = AppDelegate.swift; sourceTree = "<group>"; };
		63C40D1521E5FC9E00AA6F79 /* ViewController.swift */ = {isa = PBXFileReference; lastKnownFileType = sourcecode.swift; path = ViewController.swift; sourceTree = "<group>"; };
		63C40D1821E5FC9E00AA6F79 /* Base */ = {isa = PBXFileReference; lastKnownFileType = file.storyboard; name = Base; path = Base.lproj/Main.storyboard; sourceTree = "<group>"; };
		63C40D1A21E5FCAF00AA6F79 /* Assets.xcassets */ = {isa = PBXFileReference; lastKnownFileType = folder.assetcatalog; path = Assets.xcassets; sourceTree = "<group>"; };
		63C40D1D21E5FCB000AA6F79 /* Base */ = {isa = PBXFileReference; lastKnownFileType = file.storyboard; name = Base; path = Base.lproj/LaunchScreen.storyboard; sourceTree = "<group>"; };
		63C40D1F21E5FCB000AA6F79 /* Info.plist */ = {isa = PBXFileReference; lastKnownFileType = text.plist.xml; path = Info.plist; sourceTree = "<group>"; };
		63C40D2521E5FCE800AA6F79 /* HTLogTool.swift */ = {isa = PBXFileReference; lastKnownFileType = sourcecode.swift; path = HTLogTool.swift; sourceTree = "<group>"; };
		63C40D2721E5FD2600AA6F79 /* RunLogVC.swift */ = {isa = PBXFileReference; fileEncoding = 4; lastKnownFileType = sourcecode.swift; path = RunLogVC.swift; sourceTree = "<group>"; };
/* End PBXFileReference section */

/* Begin PBXFrameworksBuildPhase section */
		63C40D0D21E5FC9E00AA6F79 /* Frameworks */ = {
			isa = PBXFrameworksBuildPhase;
			buildActionMask = 2147483647;
			files = (
			);
			runOnlyForDeploymentPostprocessing = 0;
		};
/* End PBXFrameworksBuildPhase section */

/* Begin PBXGroup section */
		63C40D0721E5FC9E00AA6F79 = {
			isa = PBXGroup;
			children = (
				63C40D1221E5FC9E00AA6F79 /* LogDemo */,
				63C40D1121E5FC9E00AA6F79 /* Products */,
			);
			sourceTree = "<group>";
		};
		63C40D1121E5FC9E00AA6F79 /* Products */ = {
			isa = PBXGroup;
			children = (
				63C40D1021E5FC9E00AA6F79 /* LogDemo.app */,
			);
			name = Products;
			sourceTree = "<group>";
		};
		63C40D1221E5FC9E00AA6F79 /* LogDemo */ = {
			isa = PBXGroup;
			children = (
				63C40D1321E5FC9E00AA6F79 /* AppDelegate.swift */,
				63C40D1521E5FC9E00AA6F79 /* ViewController.swift */,
				63C40D2521E5FCE800AA6F79 /* HTLogTool.swift */,
				63C40D2721E5FD2600AA6F79 /* RunLogVC.swift */,
				63C40D1721E5FC9E00AA6F79 /* Main.storyboard */,
				63C40D1A21E5FCAF00AA6F79 /* Assets.xcassets */,
				63C40D1C21E5FCB000AA6F79 /* LaunchScreen.storyboard */,
				63C40D1F21E5FCB000AA6F79 /* Info.plist */,
			);
			path = LogDemo;
			sourceTree = "<group>";
		};
/* End PBXGroup section */

/* Begin PBXNativeTarget section */
		63C40D0F21E5FC9E00AA6F79 /* LogDemo */ = {
			isa = PBXNativeTarget;
			buildConfigurationList = 63C40D2221E5FCB000AA6F79 /* Build configuration list for PBXNativeTarget "LogDemo" */;
			buildPhases = (
				63C40D0C21E5FC9E00AA6F79 /* Sources */,
				63C40D0D21E5FC9E00AA6F79 /* Frameworks */,
				63C40D0E21E5FC9E00AA6F79 /* Resources */,
			);
			buildRules = (
			);
			dependencies = (
			);
			name = LogDemo;
			productName = LogDemo;
			productReference = 63C40D1021E5FC9E00AA6F79 /* LogDemo.app */;
			productType = "com.apple.product-type.application";
		};
/* End PBXNativeTarget section */

/* Begin PBXProject section */
		63C40D0821E5FC9E00AA6F79 /* Project object */ = {
			isa = PBXProject;
			attributes = {
				LastSwiftUpdateCheck = 1010;
				LastUpgradeCheck = 1010;
				ORGANIZATIONNAME = Haitao;
				TargetAttributes = {
					63C40D0F21E5FC9E00AA6F79 = {
						CreatedOnToolsVersion = 10.1;
					};
				};
			};
			buildConfigurationList = 63C40D0B21E5FC9E00AA6F79 /* Build configuration list for PBXProject "LogDemo" */;
			compatibilityVersion = "Xcode 9.3";
			developmentRegion = en;
			hasScannedForEncodings = 0;
			knownRegions = (
				en,
				Base,
			);
			mainGroup = 63C40D0721E5FC9E00AA6F79;
			productRefGroup = 63C40D1121E5FC9E00AA6F79 /* Products */;
			projectDirPath = "";
			projectRoot = "";
			targets = (
				63C40D0F21E5FC9E00AA6F79 /* LogDemo */,
			);
		};
/* End PBXProject section */

/* Begin PBXResourcesBuildPhase section */
		63C40D0E21E5FC9E00AA6F79 /* Resources */ = {
			isa = PBXResourcesBuildPhase;
			buildActionMask = 2147483647;
			files = (
				63C40D1E21E5FCB000AA6F79 /* LaunchScreen.storyboard in Resources */,
				63C40D1B21E5FCAF00AA6F79 /* Assets.xcassets in Resources */,
				63C40D1921E5FC9E00AA6F79 /* Main.storyboard in Resources */,
			);
			runOnlyForDeploymentPostprocessing = 0;
		};
/* End PBXResourcesBuildPhase section */

/* Begin PBXSourcesBuildPhase section */
		63C40D0C21E5FC9E00AA6F79 /* Sources */ = {
			isa = PBXSourcesBuildPhase;
			buildActionMask = 2147483647;
			files = (
				63C40D1621E5FC9E00AA6F79 /* ViewController.swift in Sources */,
				63C40D2821E5FD2600AA6F79 /* RunLogVC.swift in Sources */,
				63C40D2621E5FCE800AA6F79 /* HTLogTool.swift in Sources */,
				63C40D1421E5FC9E00AA6F79 /* AppDelegate.swift in Sources */,
			);
			runOnlyForDeploymentPostprocessing = 0;
		};
/* End PBXSourcesBuildPhase section */

/* Begin PBXVariantGroup section */
		63C40D1721E5FC9E00AA6F79 /* Main.storyboard */ = {
			isa = PBXVariantGroup;
			children = (
				63C40D1821E5FC9E00AA6F79 /* Base */,
			);
			name = Main.storyboard;
			sourceTree = "<group>";
		};
		63C40D1C21E5FCB000AA6F79 /* LaunchScreen.storyboard */ = {
			isa = PBXVariantGroup;
			children = (
				63C40D1D21E5FCB000AA6F79 /* Base */,
			);
			name = LaunchScreen.storyboard;
			sourceTree = "<group>";
		};
/* End PBXVariantGroup section */

/* Begin XCBuildConfiguration section */
		63C40D2021E5FCB000AA6F79 /* Debug */ = {
			isa = XCBuildConfiguration;
			buildSettings = {
				ALWAYS_SEARCH_USER_PATHS = NO;
				CLANG_ANALYZER_NONNULL = YES;
				CLANG_ANALYZER_NUMBER_OBJECT_CONVERSION = YES_AGGRESSIVE;
				CLANG_CXX_LANGUAGE_STANDARD = "gnu++14";
				CLANG_CXX_LIBRARY = "libc++";
				CLANG_ENABLE_MODULES = YES;
				CLANG_ENABLE_OBJC_ARC = YES;
				CLANG_ENABLE_OBJC_WEAK = YES;
				CLANG_WARN_BLOCK_CAPTURE_AUTORELEASING = YES;
				CLANG_WARN_BOOL_CONVERSION = YES;
				CLANG_WARN_COMMA = YES;
				CLANG_WARN_CONSTANT_CONVERSION = YES;
				CLANG_WARN_DEPRECATED_OBJC_IMPLEMENTATIONS = YES;
				CLANG_WARN_DIRECT_OBJC_ISA_USAGE = YES_ERROR;
				CLANG_WARN_DOCUMENTATION_COMMENTS = YES;
				CLANG_WARN_EMPTY_BODY = YES;
				CLANG_WARN_ENUM_CONVERSION = YES;
				CLANG_WARN_INFINITE_RECURSION = YES;
				CLANG_WARN_INT_CONVERSION = YES;
				CLANG_WARN_NON_LITERAL_NULL_CONVERSION = YES;
				CLANG_WARN_OBJC_IMPLICIT_RETAIN_SELF = YES;
				CLANG_WARN_OBJC_LITERAL_CONVERSION = YES;
				CLANG_WARN_OBJC_ROOT_CLASS = YES_ERROR;
				CLANG_WARN_RANGE_LOOP_ANALYSIS = YES;
				CLANG_WARN_STRICT_PROTOTYPES = YES;
				CLANG_WARN_SUSPICIOUS_MOVE = YES;
				CLANG_WARN_UNGUARDED_AVAILABILITY = YES_AGGRESSIVE;
				CLANG_WARN_UNREACHABLE_CODE = YES;
				CLANG_WARN__DUPLICATE_METHOD_MATCH = YES;
				CODE_SIGN_IDENTITY = "iPhone Developer";
				COPY_PHASE_STRIP = NO;
				DEBUG_INFORMATION_FORMAT = dwarf;
				ENABLE_STRICT_OBJC_MSGSEND = YES;
				ENABLE_TESTABILITY = YES;
				GCC_C_LANGUAGE_STANDARD = gnu11;
				GCC_DYNAMIC_NO_PIC = NO;
				GCC_NO_COMMON_BLOCKS = YES;
				GCC_OPTIMIZATION_LEVEL = 0;
				GCC_PREPROCESSOR_DEFINITIONS = (
					"DEBUG=1",
					"$(inherited)",
				);
				GCC_WARN_64_TO_32_BIT_CONVERSION = YES;
				GCC_WARN_ABOUT_RETURN_TYPE = YES_ERROR;
				GCC_WARN_UNDECLARED_SELECTOR = YES;
				GCC_WARN_UNINITIALIZED_AUTOS = YES_AGGRESSIVE;
				GCC_WARN_UNUSED_FUNCTION = YES;
				GCC_WARN_UNUSED_VARIABLE = YES;
				IPHONEOS_DEPLOYMENT_TARGET = 9.0;
				MTL_ENABLE_DEBUG_INFO = INCLUDE_SOURCE;
				MTL_FAST_MATH = YES;
				ONLY_ACTIVE_ARCH = YES;
				SDKROOT = iphoneos;
				SWIFT_ACTIVE_COMPILATION_CONDITIONS = DEBUG;
				SWIFT_OPTIMIZATION_LEVEL = "-Onone";
			};
			name = Debug;
		};
		63C40D2121E5FCB000AA6F79 /* Release */ = {
			isa = XCBuildConfiguration;
			buildSettings = {
				ALWAYS_SEARCH_USER_PATHS = NO;
				CLANG_ANALYZER_NONNULL = YES;
				CLANG_ANALYZER_NUMBER_OBJECT_CONVERSION = YES_AGGRESSIVE;
				CLANG_CXX_LANGUAGE_STANDARD = "gnu++14";
				CLANG_CXX_LIBRARY = "libc++";
				CLANG_ENABLE_MODULES = YES;
				CLANG_ENABLE_OBJC_ARC = YES;
				CLANG_ENABLE_OBJC_WEAK = YES;
				CLANG_WARN_BLOCK_CAPTURE_AUTORELEASING = YES;
				CLANG_WARN_BOOL_CONVERSION = YES;
				CLANG_WARN_COMMA = YES;
				CLANG_WARN_CONSTANT_CONVERSION = YES;
				CLANG_WARN_DEPRECATED_OBJC_IMPLEMENTATIONS = YES;
				CLANG_WARN_DIRECT_OBJC_ISA_USAGE = YES_ERROR;
				CLANG_WARN_DOCUMENTATION_COMMENTS = YES;
				CLANG_WARN_EMPTY_BODY = YES;
				CLANG_WARN_ENUM_CONVERSION = YES;
				CLANG_WARN_INFINITE_RECURSION = YES;
				CLANG_WARN_INT_CONVERSION = YES;
				CLANG_WARN_NON_LITERAL_NULL_CONVERSION = YES;
				CLANG_WARN_OBJC_IMPLICIT_RETAIN_SELF = YES;
				CLANG_WARN_OBJC_LITERAL_CONVERSION = YES;
				CLANG_WARN_OBJC_ROOT_CLASS = YES_ERROR;
				CLANG_WARN_RANGE_LOOP_ANALYSIS = YES;
				CLANG_WARN_STRICT_PROTOTYPES = YES;
				CLANG_WARN_SUSPICIOUS_MOVE = YES;
				CLANG_WARN_UNGUARDED_AVAILABILITY = YES_AGGRESSIVE;
				CLANG_WARN_UNREACHABLE_CODE = YES;
				CLANG_WARN__DUPLICATE_METHOD_MATCH = YES;
				CODE_SIGN_IDENTITY = "iPhone Developer";
				COPY_PHASE_STRIP = NO;
				DEBUG_INFORMATION_FORMAT = "dwarf-with-dsym";
				ENABLE_NS_ASSERTIONS = NO;
				ENABLE_STRICT_OBJC_MSGSEND = YES;
				GCC_C_LANGUAGE_STANDARD = gnu11;
				GCC_NO_COMMON_BLOCKS = YES;
				GCC_WARN_64_TO_32_BIT_CONVERSION = YES;
				GCC_WARN_ABOUT_RETURN_TYPE = YES_ERROR;
				GCC_WARN_UNDECLARED_SELECTOR = YES;
				GCC_WARN_UNINITIALIZED_AUTOS = YES_AGGRESSIVE;
				GCC_WARN_UNUSED_FUNCTION = YES;
				GCC_WARN_UNUSED_VARIABLE = YES;
				IPHONEOS_DEPLOYMENT_TARGET = 9.0;
				MTL_ENABLE_DEBUG_INFO = NO;
				MTL_FAST_MATH = YES;
				SDKROOT = iphoneos;
				SWIFT_COMPILATION_MODE = wholemodule;
				SWIFT_OPTIMIZATION_LEVEL = "-O";
				VALIDATE_PRODUCT = YES;
			};
			name = Release;
		};
		63C40D2321E5FCB000AA6F79 /* Debug */ = {
			isa = XCBuildConfiguration;
			buildSettings = {
				ASSETCATALOG_COMPILER_APPICON_NAME = AppIcon;
				CODE_SIGN_STYLE = Automatic;
				DEVELOPMENT_TEAM = AU84JS274D;
				INFOPLIST_FILE = LogDemo/Info.plist;
				IPHONEOS_DEPLOYMENT_TARGET = 9.0;
				LD_RUNPATH_SEARCH_PATHS = (
					"$(inherited)",
					"@executable_path/Frameworks",
				);
				PRODUCT_BUNDLE_IDENTIFIER = com.onethird.LogDemo;
				PRODUCT_NAME = "$(TARGET_NAME)";
				SWIFT_VERSION = 4.2;
				TARGETED_DEVICE_FAMILY = "1,2";
			};
			name = Debug;
		};
		63C40D2421E5FCB000AA6F79 /* Release */ = {
			isa = XCBuildConfiguration;
			buildSettings = {
				ASSETCATALOG_COMPILER_APPICON_NAME = AppIcon;
				CODE_SIGN_STYLE = Automatic;
				DEVELOPMENT_TEAM = AU84JS274D;
				INFOPLIST_FILE = LogDemo/Info.plist;
				IPHONEOS_DEPLOYMENT_TARGET = 9.0;
				LD_RUNPATH_SEARCH_PATHS = (
					"$(inherited)",
					"@executable_path/Frameworks",
				);
				PRODUCT_BUNDLE_IDENTIFIER = com.onethird.LogDemo;
				PRODUCT_NAME = "$(TARGET_NAME)";
				SWIFT_VERSION = 4.2;
				TARGETED_DEVICE_FAMILY = "1,2";
			};
			name = Release;
		};
/* End XCBuildConfiguration section */

/* Begin XCConfigurationList section */
		63C40D0B21E5FC9E00AA6F79 /* Build configuration list for PBXProject "LogDemo" */ = {
			isa = XCConfigurationList;
			buildConfigurations = (
				63C40D2021E5FCB000AA6F79 /* Debug */,
				63C40D2121E5FCB000AA6F79 /* Release */,
			);
			defaultConfigurationIsVisible = 0;
			defaultConfigurationName = Release;
		};
		63C40D2221E5FCB000AA6F79 /* Build configuration list for PBXNativeTarget "LogDemo" */ = {
			isa = XCConfigurationList;
			buildConfigurations = (
				63C40D2321E5FCB000AA6F79 /* Debug */,
				63C40D2421E5FCB000AA6F79 /* Release */,
			);
			defaultConfigurationIsVisible = 0;
			defaultConfigurationName = Release;
		};
/* End XCConfigurationList section */
	};
	rootObject = 63C40D0821E5FC9E00AA6F79 /* Project object */;
}
